
Microsoft Visual Studio Solution File, Format Version 12.00
# Visual Studio Version 17
VisualStudioVersion = 17.6.33829.357
MinimumVisualStudioVersion = 10.0.40219.1
Project("{FAE04EC0-301F-11D3-BF4B-00C04F79EFBC}") = "BlobManagerAPI", "BlobManagerAPI/BlobManager.csproj", "{EDEF9F9B-504D-4677-9F3F-F7D2FB842BEC}"
EndProject
Project("{FAE04EC0-301F-11D3-BF4B-00C04F79EFBC}") = "BlobManagerTests", "BlobManagerTests/BlobManagerTests.csproj", "{41A16386-3F45-4640-B5DD-4E697D64AEE8}"
EndProject
Global
	GlobalSection(SolutionConfigurationPlatforms) = preSolution
		Debug|Any CPU = Debug|Any CPU
		Release|Any CPU = Release|Any CPU
	EndGlobalSection
	GlobalSection(ProjectConfigurationPlatforms) = postSolution
		{EDEF9F9B-504D-4677-9F3F-F7D2FB842BEC}.Debug|Any CPU.ActiveCfg = Debug|Any CPU
		{EDEF9F9B-504D-4677-9F3F-F7D2FB842BEC}.Debug|Any CPU.Build.0 = Debug|Any CPU
		{EDEF9F9B-504D-4677-9F3F-F7D2FB842BEC}.Release|Any CPU.ActiveCfg = Release|Any CPU
		{EDEF9F9B-504D-4677-9F3F-F7D2FB842BEC}.Release|Any CPU.Build.0 = Release|Any CPU
		{41A16386-3F45-4640-B5DD-4E697D64AEE8}.Debug|Any CPU.ActiveCfg = Debug|Any CPU
		{41A16386-3F45-4640-B5DD-4E697D64AEE8}.Debug|Any CPU.Build.0 = Debug|Any CPU
		{41A16386-3F45-4640-B5DD-4E697D64AEE8}.Release|Any CPU.ActiveCfg = Release|Any CPU
		{41A16386-3F45-4640-B5DD-4E697D64AEE8}.Release|Any CPU.Build.0 = Release|Any CPU
	EndGlobalSection
	GlobalSection(SolutionProperties) = preSolution
		HideSolutionNode = FALSE
	EndGlobalSection
	GlobalSection(ExtensibilityGlobals) = postSolution
		SolutionGuid = {3927080B-8608-4FD9-9113-A40E2A03DB1D}
	EndGlobalSection
EndGlobal
